# This file is automatically @generated by Poetry 1.7.1 and should not be changed by hand.

[[package]]
name = "phue"
version = "1.1"
description = "A Philips Hue Python library"
optional = false
python-versions = "*"
files = [
    {file = "phue-1.1.tar.gz", hash = "sha256:61facc991a2ead1d727df8513d06ce089033489b6dca09be093db24f7cdb8874"},
]

[metadata]
lock-version = "2.0"
python-versions = "^3.11"
content-hash = "6a93e0a96a4131822c554546bbf4ca3d84109557178a3df5a0a42fbae6a2c479"
